{
  "name": "filer",
  "version": "1.0.0",
  "lockfileVersion": 2,
  "requires": true,
  "packages": {
    "": {
      "name": "filer_2",
      "version": "1.0.0",
      "license": "ISC",
      "dependencies": {
        "total4": "^0.0.80"
      }
    },
    "node_modules/total4": {
      "version": "0.0.80",
      "resolved": "https://registry.npmjs.org/total4/-/total4-0.0.80.tgz",
      "integrity": "sha512-u2vlJ6e3SrAfKjIiC4zib20FIqL7X68mLD0KxnQ92bZa1dwuUgfikcg1CjsuABKT7ywtNZptfNWwVrpuZ/FFPA==",
      "bin": {
        "total4": "bin/total4"
      }
    }
  },
  "dependencies": {
    "total4": {
      "version": "0.0.80",
      "resolved": "https://registry.npmjs.org/total4/-/total4-0.0.80.tgz",
      "integrity": "sha512-u2vlJ6e3SrAfKjIiC4zib20FIqL7X68mLD0KxnQ92bZa1dwuUgfikcg1CjsuABKT7ywtNZptfNWwVrpuZ/FFPA=="
    }
  }
}
